
Microsoft Visual Studio Solution File, Format Version 12.00
Project("{FAE04EC0-301F-11D3-BF4B-00C04F79EFBC}") = "CisnerosM_UsodeLayouts", "CisnerosM_UsodeLayouts.csproj", "{410CD7E0-D375-4FAA-89A9-391C6037B55C}"
EndProject
Global
	GlobalSection(SolutionConfigurationPlatforms) = preSolution
		Debug|Any CPU = Debug|Any CPU
		Release|Any CPU = Release|Any CPU
	EndGlobalSection
	GlobalSection(ProjectConfigurationPlatforms) = postSolution
		{410CD7E0-D375-4FAA-89A9-391C6037B55C}.Debug|Any CPU.ActiveCfg = Debug|Any CPU
		{410CD7E0-D375-4FAA-89A9-391C6037B55C}.Debug|Any CPU.Build.0 = Debug|Any CPU
		{410CD7E0-D375-4FAA-89A9-391C6037B55C}.Release|Any CPU.ActiveCfg = Release|Any CPU
		{410CD7E0-D375-4FAA-89A9-391C6037B55C}.Release|Any CPU.Build.0 = Release|Any CPU
	EndGlobalSection
EndGlobal
